// !$*UTF8*$!
{
	archiveVersion = 1;
	classes = {
	};
	objectVersion = 56;
	objects = {

/* Begin PBXBuildFile section */
		A03CD92A2B6A3168009BC294 /* BaseViewController.swift in Sources */ = {isa = PBXBuildFile; fileRef = A03CD9292B6A3168009BC294 /* BaseViewController.swift */; };
		A03CD92E2B6A376A009BC294 /* BaseTableViewCell.swift in Sources */ = {isa = PBXBuildFile; fileRef = A03CD92D2B6A376A009BC294 /* BaseTableViewCell.swift */; };
		A03CD9302B6A38FB009BC294 /* BaseCollectionViewCell.swift in Sources */ = {isa = PBXBuildFile; fileRef = A03CD92F2B6A38FB009BC294 /* BaseCollectionViewCell.swift */; };
		A03CD9332B6A3FEB009BC294 /* TVDetailViewController.swift in Sources */ = {isa = PBXBuildFile; fileRef = A03CD9322B6A3FEB009BC294 /* TVDetailViewController.swift */; };
		A03CD9372B6AADBF009BC294 /* GmarketSansLight.otf in Resources */ = {isa = PBXBuildFile; fileRef = A03CD9342B6AADBF009BC294 /* GmarketSansLight.otf */; };
		A03CD9382B6AADBF009BC294 /* GmarketSansBold.otf in Resources */ = {isa = PBXBuildFile; fileRef = A03CD9352B6AADBF009BC294 /* GmarketSansBold.otf */; };
		A03CD9392B6AADBF009BC294 /* GmarketSansMedium.otf in Resources */ = {isa = PBXBuildFile; fileRef = A03CD9362B6AADBF009BC294 /* GmarketSansMedium.otf */; };
		A03CD93C2B6ACCC3009BC294 /* TVDetailModel.swift in Sources */ = {isa = PBXBuildFile; fileRef = A03CD93B2B6ACCC3009BC294 /* TVDetailModel.swift */; };
		A03CD93E2B6ADB3F009BC294 /* TVDetailTableViewCell.swift in Sources */ = {isa = PBXBuildFile; fileRef = A03CD93D2B6ADB3F009BC294 /* TVDetailTableViewCell.swift */; };
		A04C10882B69282A005A8F95 /* TVAPIManager.swift in Sources */ = {isa = PBXBuildFile; fileRef = A04C10872B69282A005A8F95 /* TVAPIManager.swift */; };
		A04C108E2B693171005A8F95 /* TVModel.swift in Sources */ = {isa = PBXBuildFile; fileRef = A04C108D2B693171005A8F95 /* TVModel.swift */; };
		A04C10902B693A62005A8F95 /* HomeCollectionViewCell.swift in Sources */ = {isa = PBXBuildFile; fileRef = A04C108F2B693A62005A8F95 /* HomeCollectionViewCell.swift */; };
		A04C10922B694073005A8F95 /* PosterCardView.swift in Sources */ = {isa = PBXBuildFile; fileRef = A04C10912B694073005A8F95 /* PosterCardView.swift */; };
		A05109BC2B68E8C000150849 /* AppDelegate.swift in Sources */ = {isa = PBXBuildFile; fileRef = A05109BB2B68E8C000150849 /* AppDelegate.swift */; };
		A05109BE2B68E8C000150849 /* SceneDelegate.swift in Sources */ = {isa = PBXBuildFile; fileRef = A05109BD2B68E8C000150849 /* SceneDelegate.swift */; };
		A05109C52B68E8C300150849 /* Assets.xcassets in Resources */ = {isa = PBXBuildFile; fileRef = A05109C42B68E8C300150849 /* Assets.xcassets */; };
		A05109C82B68E8C300150849 /* LaunchScreen.storyboard in Resources */ = {isa = PBXBuildFile; fileRef = A05109C62B68E8C300150849 /* LaunchScreen.storyboard */; };
		A05109D12B68E9AF00150849 /* Kingfisher in Frameworks */ = {isa = PBXBuildFile; productRef = A05109D02B68E9AF00150849 /* Kingfisher */; };
		A05109D42B68E9BB00150849 /* Alamofire in Frameworks */ = {isa = PBXBuildFile; productRef = A05109D32B68E9BB00150849 /* Alamofire */; };
		A05109D72B68E9C400150849 /* SnapKit in Frameworks */ = {isa = PBXBuildFile; productRef = A05109D62B68E9C400150849 /* SnapKit */; };
		A05109D92B68E9C400150849 /* SnapKit-Dynamic in Frameworks */ = {isa = PBXBuildFile; productRef = A05109D82B68E9C400150849 /* SnapKit-Dynamic */; };
		A05109E32B68EA9700150849 /* HomeViewController.swift in Sources */ = {isa = PBXBuildFile; fileRef = A05109E22B68EA9700150849 /* HomeViewController.swift */; };
		A05109E52B68EAB000150849 /* .gitignore in Resources */ = {isa = PBXBuildFile; fileRef = A05109E42B68EAB000150849 /* .gitignore */; };
		A05109E72B68EB1000150849 /* APIKey.swift in Sources */ = {isa = PBXBuildFile; fileRef = A05109E62B68EB1000150849 /* APIKey.swift */; };
		A05109EB2B68ED2E00150849 /* HomeTableViewCell.swift in Sources */ = {isa = PBXBuildFile; fileRef = A05109EA2B68ED2E00150849 /* HomeTableViewCell.swift */; };
/* End PBXBuildFile section */

/* Begin PBXFileReference section */
		A03CD9292B6A3168009BC294 /* BaseViewController.swift */ = {isa = PBXFileReference; lastKnownFileType = sourcecode.swift; path = BaseViewController.swift; sourceTree = "<group>"; };
		A03CD92D2B6A376A009BC294 /* BaseTableViewCell.swift */ = {isa = PBXFileReference; lastKnownFileType = sourcecode.swift; path = BaseTableViewCell.swift; sourceTree = "<group>"; };
		A03CD92F2B6A38FB009BC294 /* BaseCollectionViewCell.swift */ = {isa = PBXFileReference; lastKnownFileType = sourcecode.swift; path = BaseCollectionViewCell.swift; sourceTree = "<group>"; };
		A03CD9322B6A3FEB009BC294 /* TVDetailViewController.swift */ = {isa = PBXFileReference; lastKnownFileType = sourcecode.swift; path = TVDetailViewController.swift; sourceTree = "<group>"; };
		A03CD9342B6AADBF009BC294 /* GmarketSansLight.otf */ = {isa = PBXFileReference; lastKnownFileType = file; path = GmarketSansLight.otf; sourceTree = "<group>"; };
		A03CD9352B6AADBF009BC294 /* GmarketSansBold.otf */ = {isa = PBXFileReference; lastKnownFileType = file; path = GmarketSansBold.otf; sourceTree = "<group>"; };
		A03CD9362B6AADBF009BC294 /* GmarketSansMedium.otf */ = {isa = PBXFileReference; lastKnownFileType = file; path = GmarketSansMedium.otf; sourceTree = "<group>"; };
		A03CD93B2B6ACCC3009BC294 /* TVDetailModel.swift */ = {isa = PBXFileReference; lastKnownFileType = sourcecode.swift; path = TVDetailModel.swift; sourceTree = "<group>"; };
		A03CD93D2B6ADB3F009BC294 /* TVDetailTableViewCell.swift */ = {isa = PBXFileReference; lastKnownFileType = sourcecode.swift; path = TVDetailTableViewCell.swift; sourceTree = "<group>"; };
		A04C10872B69282A005A8F95 /* TVAPIManager.swift */ = {isa = PBXFileReference; lastKnownFileType = sourcecode.swift; path = TVAPIManager.swift; sourceTree = "<group>"; };
		A04C108D2B693171005A8F95 /* TVModel.swift */ = {isa = PBXFileReference; lastKnownFileType = sourcecode.swift; path = TVModel.swift; sourceTree = "<group>"; };
		A04C108F2B693A62005A8F95 /* HomeCollectionViewCell.swift */ = {isa = PBXFileReference; lastKnownFileType = sourcecode.swift; path = HomeCollectionViewCell.swift; sourceTree = "<group>"; };
		A04C10912B694073005A8F95 /* PosterCardView.swift */ = {isa = PBXFileReference; lastKnownFileType = sourcecode.swift; path = PosterCardView.swift; sourceTree = "<group>"; };
		A05109B82B68E8C000150849 /* MediaProject2.app */ = {isa = PBXFileReference; explicitFileType = wrapper.application; includeInIndex = 0; path = MediaProject2.app; sourceTree = BUILT_PRODUCTS_DIR; };
		A05109BB2B68E8C000150849 /* AppDelegate.swift */ = {isa = PBXFileReference; lastKnownFileType = sourcecode.swift; path = AppDelegate.swift; sourceTree = "<group>"; };
		A05109BD2B68E8C000150849 /* SceneDelegate.swift */ = {isa = PBXFileReference; lastKnownFileType = sourcecode.swift; path = SceneDelegate.swift; sourceTree = "<group>"; };
		A05109C42B68E8C300150849 /* Assets.xcassets */ = {isa = PBXFileReference; lastKnownFileType = folder.assetcatalog; path = Assets.xcassets; sourceTree = "<group>"; };
		A05109C72B68E8C300150849 /* Base */ = {isa = PBXFileReference; lastKnownFileType = file.storyboard; name = Base; path = Base.lproj/LaunchScreen.storyboard; sourceTree = "<group>"; };
		A05109C92B68E8C300150849 /* Info.plist */ = {isa = PBXFileReference; lastKnownFileType = text.plist.xml; path = Info.plist; sourceTree = "<group>"; };
		A05109E22B68EA9700150849 /* HomeViewController.swift */ = {isa = PBXFileReference; lastKnownFileType = sourcecode.swift; path = HomeViewController.swift; sourceTree = "<group>"; };
		A05109E42B68EAB000150849 /* .gitignore */ = {isa = PBXFileReference; lastKnownFileType = text; path = .gitignore; sourceTree = "<group>"; };
		A05109E62B68EB1000150849 /* APIKey.swift */ = {isa = PBXFileReference; lastKnownFileType = sourcecode.swift; path = APIKey.swift; sourceTree = "<group>"; };
		A05109EA2B68ED2E00150849 /* HomeTableViewCell.swift */ = {isa = PBXFileReference; lastKnownFileType = sourcecode.swift; path = HomeTableViewCell.swift; sourceTree = "<group>"; };
/* End PBXFileReference section */

/* Begin PBXFrameworksBuildPhase section */
		A05109B52B68E8C000150849 /* Frameworks */ = {
			isa = PBXFrameworksBuildPhase;
			buildActionMask = 2147483647;
			files = (
				A05109D72B68E9C400150849 /* SnapKit in Frameworks */,
				A05109D12B68E9AF00150849 /* Kingfisher in Frameworks */,
				A05109D42B68E9BB00150849 /* Alamofire in Frameworks */,
				A05109D92B68E9C400150849 /* SnapKit-Dynamic in Frameworks */,
			);
			runOnlyForDeploymentPostprocessing = 0;
		};
/* End PBXFrameworksBuildPhase section */

/* Begin PBXGroup section */
		A03CD9282B6A315A009BC294 /* Utility */ = {
			isa = PBXGroup;
			children = (
				A03CD9292B6A3168009BC294 /* BaseViewController.swift */,
				A03CD92D2B6A376A009BC294 /* BaseTableViewCell.swift */,
				A03CD92F2B6A38FB009BC294 /* BaseCollectionViewCell.swift */,
			);
			path = Utility;
			sourceTree = "<group>";
		};
		A03CD9312B6A3937009BC294 /* Detail */ = {
			isa = PBXGroup;
			children = (
				A03CD9322B6A3FEB009BC294 /* TVDetailViewController.swift */,
				A03CD93D2B6ADB3F009BC294 /* TVDetailTableViewCell.swift */,
			);
			path = Detail;
			sourceTree = "<group>";
		};
		A03CD93A2B6AADC8009BC294 /* Fonts */ = {
			isa = PBXGroup;
			children = (
				A03CD9352B6AADBF009BC294 /* GmarketSansBold.otf */,
				A03CD9342B6AADBF009BC294 /* GmarketSansLight.otf */,
				A03CD9362B6AADBF009BC294 /* GmarketSansMedium.otf */,
			);
			path = Fonts;
			sourceTree = "<group>";
		};
		A04C10862B69075F005A8F95 /* Network */ = {
			isa = PBXGroup;
			children = (
				A05109E62B68EB1000150849 /* APIKey.swift */,
				A04C10872B69282A005A8F95 /* TVAPIManager.swift */,
			);
			path = Network;
			sourceTree = "<group>";
		};
		A05109AF2B68E8C000150849 = {
			isa = PBXGroup;
			children = (
				A05109BA2B68E8C000150849 /* MediaProject2 */,
				A05109B92B68E8C000150849 /* Products */,
			);
			sourceTree = "<group>";
		};
		A05109B92B68E8C000150849 /* Products */ = {
			isa = PBXGroup;
			children = (
				A05109B82B68E8C000150849 /* MediaProject2.app */,
			);
			name = Products;
			sourceTree = "<group>";
		};
		A05109BA2B68E8C000150849 /* MediaProject2 */ = {
			isa = PBXGroup;
			children = (
				A05109DF2B68EA1D00150849 /* App */,
				A05109E12B68EA5B00150849 /* Scene */,
				A05109DD2B68E9F400150849 /* Protocol */,
				A05109DC2B68E9EA00150849 /* Extension */,
				A05109DE2B68EA1100150849 /* Components */,
				A05109E02B68EA3B00150849 /* Resources */,
				A04C10862B69075F005A8F95 /* Network */,
				A03CD9282B6A315A009BC294 /* Utility */,
				A05109DB2B68E9E600150849 /* Model */,
				A05109C92B68E8C300150849 /* Info.plist */,
				A05109E42B68EAB000150849 /* .gitignore */,
			);
			path = MediaProject2;
			sourceTree = "<group>";
		};
		A05109DA2B68E9DF00150849 /* Home */ = {
			isa = PBXGroup;
			children = (
				A03CD9312B6A3937009BC294 /* Detail */,
				A05109E22B68EA9700150849 /* HomeViewController.swift */,
				A05109EA2B68ED2E00150849 /* HomeTableViewCell.swift */,
				A04C108F2B693A62005A8F95 /* HomeCollectionViewCell.swift */,
			);
			path = Home;
			sourceTree = "<group>";
		};
		A05109DB2B68E9E600150849 /* Model */ = {
			isa = PBXGroup;
			children = (
				A04C108D2B693171005A8F95 /* TVModel.swift */,
				A03CD93B2B6ACCC3009BC294 /* TVDetailModel.swift */,
			);
			path = Model;
			sourceTree = "<group>";
		};
		A05109DC2B68E9EA00150849 /* Extension */ = {
			isa = PBXGroup;
			children = (
			);
			path = Extension;
			sourceTree = "<group>";
		};
		A05109DD2B68E9F400150849 /* Protocol */ = {
			isa = PBXGroup;
			children = (
			);
			path = Protocol;
			sourceTree = "<group>";
		};
		A05109DE2B68EA1100150849 /* Components */ = {
			isa = PBXGroup;
			children = (
				A04C10912B694073005A8F95 /* PosterCardView.swift */,
			);
			path = Components;
			sourceTree = "<group>";
		};
		A05109DF2B68EA1D00150849 /* App */ = {
			isa = PBXGroup;
			children = (
				A05109C62B68E8C300150849 /* LaunchScreen.storyboard */,
				A05109BB2B68E8C000150849 /* AppDelegate.swift */,
				A05109BD2B68E8C000150849 /* SceneDelegate.swift */,
			);
			path = App;
			sourceTree = "<group>";
		};
		A05109E02B68EA3B00150849 /* Resources */ = {
			isa = PBXGroup;
			children = (
				A03CD93A2B6AADC8009BC294 /* Fonts */,
				A05109C42B68E8C300150849 /* Assets.xcassets */,
			);
			path = Resources;
			sourceTree = "<group>";
		};
		A05109E12B68EA5B00150849 /* Scene */ = {
			isa = PBXGroup;
			children = (
				A05109DA2B68E9DF00150849 /* Home */,
			);
			path = Scene;
			sourceTree = "<group>";
		};
/* End PBXGroup section */

/* Begin PBXNativeTarget section */
		A05109B72B68E8C000150849 /* MediaProject2 */ = {
			isa = PBXNativeTarget;
			buildConfigurationList = A05109CC2B68E8C300150849 /* Build configuration list for PBXNativeTarget "MediaProject2" */;
			buildPhases = (
				A05109B42B68E8C000150849 /* Sources */,
				A05109B52B68E8C000150849 /* Frameworks */,
				A05109B62B68E8C000150849 /* Resources */,
			);
			buildRules = (
			);
			dependencies = (
			);
			name = MediaProject2;
			packageProductDependencies = (
				A05109D02B68E9AF00150849 /* Kingfisher */,
				A05109D32B68E9BB00150849 /* Alamofire */,
				A05109D62B68E9C400150849 /* SnapKit */,
				A05109D82B68E9C400150849 /* SnapKit-Dynamic */,
			);
			productName = MediaProject2;
			productReference = A05109B82B68E8C000150849 /* MediaProject2.app */;
			productType = "com.apple.product-type.application";
		};
/* End PBXNativeTarget section */

/* Begin PBXProject section */
		A05109B02B68E8C000150849 /* Project object */ = {
			isa = PBXProject;
			attributes = {
				BuildIndependentTargetsInParallel = 1;
				LastSwiftUpdateCheck = 1520;
				LastUpgradeCheck = 1520;
				TargetAttributes = {
					A05109B72B68E8C000150849 = {
						CreatedOnToolsVersion = 15.2;
					};
				};
			};
			buildConfigurationList = A05109B32B68E8C000150849 /* Build configuration list for PBXProject "MediaProject2" */;
			compatibilityVersion = "Xcode 14.0";
			developmentRegion = en;
			hasScannedForEncodings = 0;
			knownRegions = (
				en,
				Base,
			);
			mainGroup = A05109AF2B68E8C000150849;
			packageReferences = (
				A05109CF2B68E9AF00150849 /* XCRemoteSwiftPackageReference "Kingfisher" */,
				A05109D22B68E9BB00150849 /* XCRemoteSwiftPackageReference "Alamofire" */,
				A05109D52B68E9C400150849 /* XCRemoteSwiftPackageReference "SnapKit" */,
			);
			productRefGroup = A05109B92B68E8C000150849 /* Products */;
			projectDirPath = "";
			projectRoot = "";
			targets = (
				A05109B72B68E8C000150849 /* MediaProject2 */,
			);
		};
/* End PBXProject section */

/* Begin PBXResourcesBuildPhase section */
		A05109B62B68E8C000150849 /* Resources */ = {
			isa = PBXResourcesBuildPhase;
			buildActionMask = 2147483647;
			files = (
				A03CD9382B6AADBF009BC294 /* GmarketSansBold.otf in Resources */,
				A05109C82B68E8C300150849 /* LaunchScreen.storyboard in Resources */,
				A05109E52B68EAB000150849 /* .gitignore in Resources */,
				A03CD9392B6AADBF009BC294 /* GmarketSansMedium.otf in Resources */,
				A05109C52B68E8C300150849 /* Assets.xcassets in Resources */,
				A03CD9372B6AADBF009BC294 /* GmarketSansLight.otf in Resources */,
			);
			runOnlyForDeploymentPostprocessing = 0;
		};
/* End PBXResourcesBuildPhase section */

/* Begin PBXSourcesBuildPhase section */
		A05109B42B68E8C000150849 /* Sources */ = {
			isa = PBXSourcesBuildPhase;
			buildActionMask = 2147483647;
			files = (
				A05109EB2B68ED2E00150849 /* HomeTableViewCell.swift in Sources */,
				A05109BC2B68E8C000150849 /* AppDelegate.swift in Sources */,
				A03CD93C2B6ACCC3009BC294 /* TVDetailModel.swift in Sources */,
				A03CD92A2B6A3168009BC294 /* BaseViewController.swift in Sources */,
				A04C10882B69282A005A8F95 /* TVAPIManager.swift in Sources */,
				A03CD92E2B6A376A009BC294 /* BaseTableViewCell.swift in Sources */,
				A05109BE2B68E8C000150849 /* SceneDelegate.swift in Sources */,
				A05109E72B68EB1000150849 /* APIKey.swift in Sources */,
				A03CD9332B6A3FEB009BC294 /* TVDetailViewController.swift in Sources */,
				A04C10902B693A62005A8F95 /* HomeCollectionViewCell.swift in Sources */,
				A04C108E2B693171005A8F95 /* TVModel.swift in Sources */,
				A03CD93E2B6ADB3F009BC294 /* TVDetailTableViewCell.swift in Sources */,
				A05109E32B68EA9700150849 /* HomeViewController.swift in Sources */,
				A03CD9302B6A38FB009BC294 /* BaseCollectionViewCell.swift in Sources */,
				A04C10922B694073005A8F95 /* PosterCardView.swift in Sources */,
			);
			runOnlyForDeploymentPostprocessing = 0;
		};
/* End PBXSourcesBuildPhase section */

/* Begin PBXVariantGroup section */
		A05109C62B68E8C300150849 /* LaunchScreen.storyboard */ = {
			isa = PBXVariantGroup;
			children = (
				A05109C72B68E8C300150849 /* Base */,
			);
			name = LaunchScreen.storyboard;
			sourceTree = "<group>";
		};
/* End PBXVariantGroup section */

/* Begin XCBuildConfiguration section */
		A05109CA2B68E8C300150849 /* Debug */ = {
			isa = XCBuildConfiguration;
			buildSettings = {
				ALWAYS_SEARCH_USER_PATHS = NO;
				ASSETCATALOG_COMPILER_GENERATE_SWIFT_ASSET_SYMBOL_EXTENSIONS = YES;
				CLANG_ANALYZER_NONNULL = YES;
				CLANG_ANALYZER_NUMBER_OBJECT_CONVERSION = YES_AGGRESSIVE;
				CLANG_CXX_LANGUAGE_STANDARD = "gnu++20";
				CLANG_ENABLE_MODULES = YES;
				CLANG_ENABLE_OBJC_ARC = YES;
				CLANG_ENABLE_OBJC_WEAK = YES;
				CLANG_WARN_BLOCK_CAPTURE_AUTORELEASING = YES;
				CLANG_WARN_BOOL_CONVERSION = YES;
				CLANG_WARN_COMMA = YES;
				CLANG_WARN_CONSTANT_CONVERSION = YES;
				CLANG_WARN_DEPRECATED_OBJC_IMPLEMENTATIONS = YES;
				CLANG_WARN_DIRECT_OBJC_ISA_USAGE = YES_ERROR;
				CLANG_WARN_DOCUMENTATION_COMMENTS = YES;
				CLANG_WARN_EMPTY_BODY = YES;
				CLANG_WARN_ENUM_CONVERSION = YES;
				CLANG_WARN_INFINITE_RECURSION = YES;
				CLANG_WARN_INT_CONVERSION = YES;
				CLANG_WARN_NON_LITERAL_NULL_CONVERSION = YES;
				CLANG_WARN_OBJC_IMPLICIT_RETAIN_SELF = YES;
				CLANG_WARN_OBJC_LITERAL_CONVERSION = YES;
				CLANG_WARN_OBJC_ROOT_CLASS = YES_ERROR;
				CLANG_WARN_QUOTED_INCLUDE_IN_FRAMEWORK_HEADER = YES;
				CLANG_WARN_RANGE_LOOP_ANALYSIS = YES;
				CLANG_WARN_STRICT_PROTOTYPES = YES;
				CLANG_WARN_SUSPICIOUS_MOVE = YES;
				CLANG_WARN_UNGUARDED_AVAILABILITY = YES_AGGRESSIVE;
				CLANG_WARN_UNREACHABLE_CODE = YES;
				CLANG_WARN__DUPLICATE_METHOD_MATCH = YES;
				COPY_PHASE_STRIP = NO;
				DEBUG_INFORMATION_FORMAT = dwarf;
				ENABLE_STRICT_OBJC_MSGSEND = YES;
				ENABLE_TESTABILITY = YES;
				ENABLE_USER_SCRIPT_SANDBOXING = YES;
				GCC_C_LANGUAGE_STANDARD = gnu17;
				GCC_DYNAMIC_NO_PIC = NO;
				GCC_NO_COMMON_BLOCKS = YES;
				GCC_OPTIMIZATION_LEVEL = 0;
				GCC_PREPROCESSOR_DEFINITIONS = (
					"DEBUG=1",
					"$(inherited)",
				);
				GCC_WARN_64_TO_32_BIT_CONVERSION = YES;
				GCC_WARN_ABOUT_RETURN_TYPE = YES_ERROR;
				GCC_WARN_UNDECLARED_SELECTOR = YES;
				GCC_WARN_UNINITIALIZED_AUTOS = YES_AGGRESSIVE;
				GCC_WARN_UNUSED_FUNCTION = YES;
				GCC_WARN_UNUSED_VARIABLE = YES;
				IPHONEOS_DEPLOYMENT_TARGET = 17.2;
				LOCALIZATION_PREFERS_STRING_CATALOGS = YES;
				MTL_ENABLE_DEBUG_INFO = INCLUDE_SOURCE;
				MTL_FAST_MATH = YES;
				ONLY_ACTIVE_ARCH = YES;
				SDKROOT = iphoneos;
				SWIFT_ACTIVE_COMPILATION_CONDITIONS = "DEBUG $(inherited)";
				SWIFT_OPTIMIZATION_LEVEL = "-Onone";
			};
			name = Debug;
		};
		A05109CB2B68E8C300150849 /* Release */ = {
			isa = XCBuildConfiguration;
			buildSettings = {
				ALWAYS_SEARCH_USER_PATHS = NO;
				ASSETCATALOG_COMPILER_GENERATE_SWIFT_ASSET_SYMBOL_EXTENSIONS = YES;
				CLANG_ANALYZER_NONNULL = YES;
				CLANG_ANALYZER_NUMBER_OBJECT_CONVERSION = YES_AGGRESSIVE;
				CLANG_CXX_LANGUAGE_STANDARD = "gnu++20";
				CLANG_ENABLE_MODULES = YES;
				CLANG_ENABLE_OBJC_ARC = YES;
				CLANG_ENABLE_OBJC_WEAK = YES;
				CLANG_WARN_BLOCK_CAPTURE_AUTORELEASING = YES;
				CLANG_WARN_BOOL_CONVERSION = YES;
				CLANG_WARN_COMMA = YES;
				CLANG_WARN_CONSTANT_CONVERSION = YES;
				CLANG_WARN_DEPRECATED_OBJC_IMPLEMENTATIONS = YES;
				CLANG_WARN_DIRECT_OBJC_ISA_USAGE = YES_ERROR;
				CLANG_WARN_DOCUMENTATION_COMMENTS = YES;
				CLANG_WARN_EMPTY_BODY = YES;
				CLANG_WARN_ENUM_CONVERSION = YES;
				CLANG_WARN_INFINITE_RECURSION = YES;
				CLANG_WARN_INT_CONVERSION = YES;
				CLANG_WARN_NON_LITERAL_NULL_CONVERSION = YES;
				CLANG_WARN_OBJC_IMPLICIT_RETAIN_SELF = YES;
				CLANG_WARN_OBJC_LITERAL_CONVERSION = YES;
				CLANG_WARN_OBJC_ROOT_CLASS = YES_ERROR;
				CLANG_WARN_QUOTED_INCLUDE_IN_FRAMEWORK_HEADER = YES;
				CLANG_WARN_RANGE_LOOP_ANALYSIS = YES;
				CLANG_WARN_STRICT_PROTOTYPES = YES;
				CLANG_WARN_SUSPICIOUS_MOVE = YES;
				CLANG_WARN_UNGUARDED_AVAILABILITY = YES_AGGRESSIVE;
				CLANG_WARN_UNREACHABLE_CODE = YES;
				CLANG_WARN__DUPLICATE_METHOD_MATCH = YES;
				COPY_PHASE_STRIP = NO;
				DEBUG_INFORMATION_FORMAT = "dwarf-with-dsym";
				ENABLE_NS_ASSERTIONS = NO;
				ENABLE_STRICT_OBJC_MSGSEND = YES;
				ENABLE_USER_SCRIPT_SANDBOXING = YES;
				GCC_C_LANGUAGE_STANDARD = gnu17;
				GCC_NO_COMMON_BLOCKS = YES;
				GCC_WARN_64_TO_32_BIT_CONVERSION = YES;
				GCC_WARN_ABOUT_RETURN_TYPE = YES_ERROR;
				GCC_WARN_UNDECLARED_SELECTOR = YES;
				GCC_WARN_UNINITIALIZED_AUTOS = YES_AGGRESSIVE;
				GCC_WARN_UNUSED_FUNCTION = YES;
				GCC_WARN_UNUSED_VARIABLE = YES;
				IPHONEOS_DEPLOYMENT_TARGET = 17.2;
				LOCALIZATION_PREFERS_STRING_CATALOGS = YES;
				MTL_ENABLE_DEBUG_INFO = NO;
				MTL_FAST_MATH = YES;
				SDKROOT = iphoneos;
				SWIFT_COMPILATION_MODE = wholemodule;
				VALIDATE_PRODUCT = YES;
			};
			name = Release;
		};
		A05109CD2B68E8C300150849 /* Debug */ = {
			isa = XCBuildConfiguration;
			buildSettings = {
				ASSETCATALOG_COMPILER_APPICON_NAME = AppIcon;
				ASSETCATALOG_COMPILER_GLOBAL_ACCENT_COLOR_NAME = AccentColor;
				CODE_SIGN_STYLE = Automatic;
				CURRENT_PROJECT_VERSION = 1;
				DEVELOPMENT_TEAM = 47VP7M3T34;
				GENERATE_INFOPLIST_FILE = YES;
				INFOPLIST_FILE = MediaProject2/Info.plist;
				INFOPLIST_KEY_UIApplicationSupportsIndirectInputEvents = YES;
				INFOPLIST_KEY_UILaunchStoryboardName = LaunchScreen;
				INFOPLIST_KEY_UISupportedInterfaceOrientations_iPad = "UIInterfaceOrientationPortrait UIInterfaceOrientationPortraitUpsideDown UIInterfaceOrientationLandscapeLeft UIInterfaceOrientationLandscapeRight";
				INFOPLIST_KEY_UISupportedInterfaceOrientations_iPhone = "UIInterfaceOrientationPortrait UIInterfaceOrientationLandscapeLeft UIInterfaceOrientationLandscapeRight";
				IPHONEOS_DEPLOYMENT_TARGET = 17.0;
				LD_RUNPATH_SEARCH_PATHS = (
					"$(inherited)",
					"@executable_path/Frameworks",
				);
				MARKETING_VERSION = 1.0;
				PRODUCT_BUNDLE_IDENTIFIER = com.Seou.MediaProject2;
				PRODUCT_NAME = "$(TARGET_NAME)";
				SUPPORTED_PLATFORMS = "iphoneos iphonesimulator";
				SUPPORTS_MACCATALYST = NO;
				SUPPORTS_MAC_DESIGNED_FOR_IPHONE_IPAD = NO;
				SUPPORTS_XR_DESIGNED_FOR_IPHONE_IPAD = NO;
				SWIFT_EMIT_LOC_STRINGS = YES;
				SWIFT_VERSION = 5.0;
				TARGETED_DEVICE_FAMILY = 1;
			};
			name = Debug;
		};
		A05109CE2B68E8C300150849 /* Release */ = {
			isa = XCBuildConfiguration;
			buildSettings = {
				ASSETCATALOG_COMPILER_APPICON_NAME = AppIcon;
				ASSETCATALOG_COMPILER_GLOBAL_ACCENT_COLOR_NAME = AccentColor;
				CODE_SIGN_STYLE = Automatic;
				CURRENT_PROJECT_VERSION = 1;
				DEVELOPMENT_TEAM = 47VP7M3T34;
				GENERATE_INFOPLIST_FILE = YES;
				INFOPLIST_FILE = MediaProject2/Info.plist;
				INFOPLIST_KEY_UIApplicationSupportsIndirectInputEvents = YES;
				INFOPLIST_KEY_UILaunchStoryboardName = LaunchScreen;
				INFOPLIST_KEY_UISupportedInterfaceOrientations_iPad = "UIInterfaceOrientationPortrait UIInterfaceOrientationPortraitUpsideDown UIInterfaceOrientationLandscapeLeft UIInterfaceOrientationLandscapeRight";
				INFOPLIST_KEY_UISupportedInterfaceOrientations_iPhone = "UIInterfaceOrientationPortrait UIInterfaceOrientationLandscapeLeft UIInterfaceOrientationLandscapeRight";
				IPHONEOS_DEPLOYMENT_TARGET = 17.0;
				LD_RUNPATH_SEARCH_PATHS = (
					"$(inherited)",
					"@executable_path/Frameworks",
				);
				MARKETING_VERSION = 1.0;
				PRODUCT_BUNDLE_IDENTIFIER = com.Seou.MediaProject2;
				PRODUCT_NAME = "$(TARGET_NAME)";
				SUPPORTED_PLATFORMS = "iphoneos iphonesimulator";
				SUPPORTS_MACCATALYST = NO;
				SUPPORTS_MAC_DESIGNED_FOR_IPHONE_IPAD = NO;
				SUPPORTS_XR_DESIGNED_FOR_IPHONE_IPAD = NO;
				SWIFT_EMIT_LOC_STRINGS = YES;
				SWIFT_VERSION = 5.0;
				TARGETED_DEVICE_FAMILY = 1;
			};
			name = Release;
		};
/* End XCBuildConfiguration section */

/* Begin XCConfigurationList section */
		A05109B32B68E8C000150849 /* Build configuration list for PBXProject "MediaProject2" */ = {
			isa = XCConfigurationList;
			buildConfigurations = (
				A05109CA2B68E8C300150849 /* Debug */,
				A05109CB2B68E8C300150849 /* Release */,
			);
			defaultConfigurationIsVisible = 0;
			defaultConfigurationName = Release;
		};
		A05109CC2B68E8C300150849 /* Build configuration list for PBXNativeTarget "MediaProject2" */ = {
			isa = XCConfigurationList;
			buildConfigurations = (
				A05109CD2B68E8C300150849 /* Debug */,
				A05109CE2B68E8C300150849 /* Release */,
			);
			defaultConfigurationIsVisible = 0;
			defaultConfigurationName = Release;
		};
/* End XCConfigurationList section */

/* Begin XCRemoteSwiftPackageReference section */
		A05109CF2B68E9AF00150849 /* XCRemoteSwiftPackageReference "Kingfisher" */ = {
			isa = XCRemoteSwiftPackageReference;
			repositoryURL = "https://github.com/onevcat/Kingfisher.git";
			requirement = {
				kind = upToNextMajorVersion;
				minimumVersion = 7.10.2;
			};
		};
		A05109D22B68E9BB00150849 /* XCRemoteSwiftPackageReference "Alamofire" */ = {
			isa = XCRemoteSwiftPackageReference;
			repositoryURL = "https://github.com/Alamofire/Alamofire.git";
			requirement = {
				kind = upToNextMajorVersion;
				minimumVersion = 5.8.1;
			};
		};
		A05109D52B68E9C400150849 /* XCRemoteSwiftPackageReference "SnapKit" */ = {
			isa = XCRemoteSwiftPackageReference;
			repositoryURL = "https://github.com/SnapKit/SnapKit.git";
			requirement = {
				kind = upToNextMajorVersion;
				minimumVersion = 5.7.0;
			};
		};
/* End XCRemoteSwiftPackageReference section */

/* Begin XCSwiftPackageProductDependency section */
		A05109D02B68E9AF00150849 /* Kingfisher */ = {
			isa = XCSwiftPackageProductDependency;
			package = A05109CF2B68E9AF00150849 /* XCRemoteSwiftPackageReference "Kingfisher" */;
			productName = Kingfisher;
		};
		A05109D32B68E9BB00150849 /* Alamofire */ = {
			isa = XCSwiftPackageProductDependency;
			package = A05109D22B68E9BB00150849 /* XCRemoteSwiftPackageReference "Alamofire" */;
			productName = Alamofire;
		};
		A05109D62B68E9C400150849 /* SnapKit */ = {
			isa = XCSwiftPackageProductDependency;
			package = A05109D52B68E9C400150849 /* XCRemoteSwiftPackageReference "SnapKit" */;
			productName = SnapKit;
		};
		A05109D82B68E9C400150849 /* SnapKit-Dynamic */ = {
			isa = XCSwiftPackageProductDependency;
			package = A05109D52B68E9C400150849 /* XCRemoteSwiftPackageReference "SnapKit" */;
			productName = "SnapKit-Dynamic";
		};
/* End XCSwiftPackageProductDependency section */
	};
	rootObject = A05109B02B68E8C000150849 /* Project object */;
}
